# THIS IS AN AUTOGENERATED FILE. DO NOT EDIT THIS FILE DIRECTLY.
# yarn lockfile v1


"@shopify/react-native-skia@^1.12.0":
  version "1.12.0"
  resolved "https://registry.yarnpkg.com/@shopify/react-native-skia/-/react-native-skia-1.12.0.tgz#18707e0245a6222d4975b53aedd84c793c6fee87"
  integrity sha512-1LbV27rILdZEfDHFrRhdyy0BIBiF3dXuqHfyFGEat4NLwZZOcV/xSoGB3Z7GLoAfTxNKIEXj9bMrTAxHf1IMOw==
  dependencies:
    canvaskit-wasm "0.39.1"
    react-reconciler "0.27.0"

"@webgpu/types@0.1.21":
  version "0.1.21"
  resolved "https://registry.yarnpkg.com/@webgpu/types/-/types-0.1.21.tgz#b181202daec30d66ccd67264de23814cfd176d3a"
  integrity sha512-pUrWq3V5PiSGFLeLxoGqReTZmiiXwY3jRkIG5sLLKjyqNxrwm/04b4nw7LSmGWJcKk59XOM/YRTUwOzo4MMlow==

canvaskit-wasm@0.39.1, canvaskit-wasm@^0.39.1:
  version "0.39.1"
  resolved "https://registry.yarnpkg.com/canvaskit-wasm/-/canvaskit-wasm-0.39.1.tgz#c3c8f3962cbabbedf246f7bcf90e859013c7eae9"
  integrity sha512-Gy3lCmhUdKq+8bvDrs9t8+qf7RvcjuQn+we7vTVVyqgOVO1UVfHpsnBxkTZw+R4ApEJ3D5fKySl9TU11hmjl/A==
  dependencies:
    "@webgpu/types" "0.1.21"

"js-tokens@^3.0.0 || ^4.0.0":
  version "4.0.0"
  resolved "https://registry.yarnpkg.com/js-tokens/-/js-tokens-4.0.0.tgz#19203fb59991df98e3a287050d4647cdeaf32499"
  integrity sha512-RdJUflcE3cUzKiMqQgsCu06FPu9UdIJO0beYbPhHN4k6apgJtifcoCtT9bcxOpYBtpD2kCM6Sbzg4CausW/PKQ==

loose-envify@^1.1.0:
  version "1.4.0"
  resolved "https://registry.yarnpkg.com/loose-envify/-/loose-envify-1.4.0.tgz#71ee51fa7be4caec1a63839f7e682d8132d30caf"
  integrity sha512-lyuxPGr/Wfhrlem2CL/UcnUc1zcqKAImBDzukY7Y5F/yQiNdko6+fRLevlw1HgMySw7f611UIY408EtxRSoK3Q==
  dependencies:
    js-tokens "^3.0.0 || ^4.0.0"

react-reconciler@0.27.0:
  version "0.27.0"
  resolved "https://registry.yarnpkg.com/react-reconciler/-/react-reconciler-0.27.0.tgz#360124fdf2d76447c7491ee5f0e04503ed9acf5b"
  integrity sha512-HmMDKciQjYmBRGuuhIaKA1ba/7a+UsM5FzOZsMO2JYHt9Jh8reCb7j1eDC95NOyUlKM9KRyvdx0flBuDvYSBoA==
  dependencies:
    loose-envify "^1.1.0"
    scheduler "^0.21.0"

scheduler@^0.21.0:
  version "0.21.0"
  resolved "https://registry.yarnpkg.com/scheduler/-/scheduler-0.21.0.tgz#6fd2532ff5a6d877b6edb12f00d8ab7e8f308820"
  integrity sha512-1r87x5fz9MXqswA2ERLo0EbOAU74DpIUO090gIasYTqlVoJeMcl+Z1Rg7WHz+qtPujhS/hGIt9kxZOYBV3faRQ==
  dependencies:
    loose-envify "^1.1.0"
